// !$*UTF8*$!
{
	archiveVersion = 1;
	classes = {
	};
	objectVersion = 51;
	objects = {

/* Begin PBXBuildFile section */
		1F11BAD7AB4F1781A07FB6AC /* Pods_AshanMadhuwantha_Cobsccomp192p_045Tests.framework in Frameworks */ = {isa = PBXBuildFile; fileRef = ABC3E1BD3C38C51ECD3804D8 /* Pods_AshanMadhuwantha_Cobsccomp192p_045Tests.framework */; };
		2DEB77647B54EE80A2898E6F /* Pods_AshanMadhuwantha_Cobsccomp192p_045_AshanMadhuwantha_Cobsccomp192p_045UITests.framework in Frameworks */ = {isa = PBXBuildFile; fileRef = 3D3B8F3ED1D227B612035570 /* Pods_AshanMadhuwantha_Cobsccomp192p_045_AshanMadhuwantha_Cobsccomp192p_045UITests.framework */; };
		64A83E0126398D3600AD459F /* FoodTableViewCell.swift in Sources */ = {isa = PBXBuildFile; fileRef = 64A83DFF26398D3600AD459F /* FoodTableViewCell.swift */; };
		64A83E0226398D3600AD459F /* FoodTableViewCell.xib in Resources */ = {isa = PBXBuildFile; fileRef = 64A83E0026398D3600AD459F /* FoodTableViewCell.xib */; };
		64A83E082639CE3600AD459F /* OrderTableViewCell.swift in Sources */ = {isa = PBXBuildFile; fileRef = 64A83E062639CE3600AD459F /* OrderTableViewCell.swift */; };
		64A83E092639CE3600AD459F /* OrderTableViewCell.xib in Resources */ = {isa = PBXBuildFile; fileRef = 64A83E072639CE3600AD459F /* OrderTableViewCell.xib */; };
		64A83E0E263AA09900AD459F /* SessionMananger.swift in Sources */ = {isa = PBXBuildFile; fileRef = 64A83E0D263AA09900AD459F /* SessionMananger.swift */; };
		64A83E13263AA11000AD459F /* EntityModel.swift in Sources */ = {isa = PBXBuildFile; fileRef = 64A83E12263AA11000AD459F /* EntityModel.swift */; };
		64A83E18263AA51300AD459F /* StoreViewController.swift in Sources */ = {isa = PBXBuildFile; fileRef = 64A83E17263AA51300AD459F /* StoreViewController.swift */; };
		64A83E1D263AEA3500AD459F /* InputValidator.swift in Sources */ = {isa = PBXBuildFile; fileRef = 64A83E1C263AEA3500AD459F /* InputValidator.swift */; };
		64A83E23263B26BA00AD459F /* StoreRootViewController.swift in Sources */ = {isa = PBXBuildFile; fileRef = 64A83E22263B26BA00AD459F /* StoreRootViewController.swift */; };
		64A83E40263B43F000AD459F /* CategoryTableViewCell.swift in Sources */ = {isa = PBXBuildFile; fileRef = 64A83E3E263B43F000AD459F /* CategoryTableViewCell.swift */; };
		64A83E41263B43F000AD459F /* CategoryTableViewCell.xib in Resources */ = {isa = PBXBuildFile; fileRef = 64A83E3F263B43F000AD459F /* CategoryTableViewCell.xib */; };
		64A83E48263BB5D900AD459F /* CategoryViewController.swift in Sources */ = {isa = PBXBuildFile; fileRef = 64A83E47263BB5D900AD459F /* CategoryViewController.swift */; };
		64A83E4E263BC1AE00AD459F /* ImageFetcher.swift in Sources */ = {isa = PBXBuildFile; fileRef = 64A83E4D263BC1AE00AD459F /* ImageFetcher.swift */; };
		64A83E56263BC24400AD459F /* MenuViewController.swift in Sources */ = {isa = PBXBuildFile; fileRef = 64A83E55263BC24400AD459F /* MenuViewController.swift */; };
		64A83E5B263BC97A00AD459F /* PreviewViewController.swift in Sources */ = {isa = PBXBuildFile; fileRef = 64A83E5A263BC97A00AD459F /* PreviewViewController.swift */; };
		64A83E61263BC9EA00AD459F /* CategoryCollectionViewCell.swift in Sources */ = {isa = PBXBuildFile; fileRef = 64A83E5F263BC9EA00AD459F /* CategoryCollectionViewCell.swift */; };
		64A83E62263BC9EA00AD459F /* CategoryCollectionViewCell.xib in Resources */ = {isa = PBXBuildFile; fileRef = 64A83E60263BC9EA00AD459F /* CategoryCollectionViewCell.xib */; };
		64A83E67263C0E9900AD459F /* AccountViewController.swift in Sources */ = {isa = PBXBuildFile; fileRef = 64A83E66263C0E9900AD459F /* AccountViewController.swift */; };
		64A83E6C263C0EC100AD459F /* OrderViewController.swift in Sources */ = {isa = PBXBuildFile; fileRef = 64A83E6B263C0EC100AD459F /* OrderViewController.swift */; };
		64A83E86263C6DE400AD459F /* OrderSummaryTableViewCell.swift in Sources */ = {isa = PBXBuildFile; fileRef = 64A83E84263C6DE400AD459F /* OrderSummaryTableViewCell.swift */; };
		64A83E87263C6DE400AD459F /* OrderSummaryTableViewCell.xib in Resources */ = {isa = PBXBuildFile; fileRef = 64A83E85263C6DE400AD459F /* OrderSummaryTableViewCell.xib */; };
		64D1813426386D1600006DCE /* AppDelegate.swift in Sources */ = {isa = PBXBuildFile; fileRef = 64D1813326386D1600006DCE /* AppDelegate.swift */; };
		64D1813626386D1600006DCE /* SceneDelegate.swift in Sources */ = {isa = PBXBuildFile; fileRef = 64D1813526386D1600006DCE /* SceneDelegate.swift */; };
		64D1813826386D1600006DCE /* ViewController.swift in Sources */ = {isa = PBXBuildFile; fileRef = 64D1813726386D1600006DCE /* ViewController.swift */; };
		64D1813B26386D1600006DCE /* Main.storyboard in Resources */ = {isa = PBXBuildFile; fileRef = 64D1813926386D1600006DCE /* Main.storyboard */; };
		64D1813D26386D1700006DCE /* Assets.xcassets in Resources */ = {isa = PBXBuildFile; fileRef = 64D1813C26386D1700006DCE /* Assets.xcassets */; };
		64D1814026386D1700006DCE /* LaunchScreen.storyboard in Resources */ = {isa = PBXBuildFile; fileRef = 64D1813E26386D1700006DCE /* LaunchScreen.storyboard */; };
		64D1814B26386D1800006DCE /* AshanMadhuwantha_Cobsccomp192p_045Tests.swift in Sources */ = {isa = PBXBuildFile; fileRef = 64D1814A26386D1800006DCE /* AshanMadhuwantha_Cobsccomp192p_045Tests.swift */; };
		64D1815626386D1800006DCE /* AshanMadhuwantha_Cobsccomp192p_045UITests.swift in Sources */ = {isa = PBXBuildFile; fileRef = 64D1815526386D1800006DCE /* AshanMadhuwantha_Cobsccomp192p_045UITests.swift */; };
		64D1818026390E1E00006DCE /* GoogleService-Info.plist in Resources */ = {isa = PBXBuildFile; fileRef = 64D1817F26390E1E00006DCE /* GoogleService-Info.plist */; };
		64D1818526390F3400006DCE /* LoginViewController.swift in Sources */ = {isa = PBXBuildFile; fileRef = 64D1818426390F3400006DCE /* LoginViewController.swift */; };
		64D1818A2639370300006DCE /* SignUpViewController.swift in Sources */ = {isa = PBXBuildFile; fileRef = 64D181892639370300006DCE /* SignUpViewController.swift */; };
		64D1818F26393B0100006DCE /* LaunchViewController.swift in Sources */ = {isa = PBXBuildFile; fileRef = 64D1818E26393B0100006DCE /* LaunchViewController.swift */; };
		EFBB246D78BC0C67D0016940 /* Pods_AshanMadhuwantha_Cobsccomp192p_045.framework in Frameworks */ = {isa = PBXBuildFile; fileRef = BD92E56997D8BE721064E101 /* Pods_AshanMadhuwantha_Cobsccomp192p_045.framework */; };
/* End PBXBuildFile section */

/* Begin PBXContainerItemProxy section */
		64D1814726386D1800006DCE /* PBXContainerItemProxy */ = {
			isa = PBXContainerItemProxy;
			containerPortal = 64D1812826386D1600006DCE /* Project object */;
			proxyType = 1;
			remoteGlobalIDString = 64D1812F26386D1600006DCE;
			remoteInfo = "AshanMadhuwantha-Cobsccomp192p-045";
		};
		64D1815226386D1800006DCE /* PBXContainerItemProxy */ = {
			isa = PBXContainerItemProxy;
			containerPortal = 64D1812826386D1600006DCE /* Project object */;
			proxyType = 1;
			remoteGlobalIDString = 64D1812F26386D1600006DCE;
			remoteInfo = "AshanMadhuwantha-Cobsccomp192p-045";
		};
/* End PBXContainerItemProxy section */

/* Begin PBXFileReference section */
		3D3B8F3ED1D227B612035570 /* Pods_AshanMadhuwantha_Cobsccomp192p_045_AshanMadhuwantha_Cobsccomp192p_045UITests.framework */ = {isa = PBXFileReference; explicitFileType = wrapper.framework; includeInIndex = 0; path = Pods_AshanMadhuwantha_Cobsccomp192p_045_AshanMadhuwantha_Cobsccomp192p_045UITests.framework; sourceTree = BUILT_PRODUCTS_DIR; };
		458FAA7DE941DBB3A4DA70C0 /* Pods-AshanMadhuwantha-Cobsccomp192p-045.debug.xcconfig */ = {isa = PBXFileReference; includeInIndex = 1; lastKnownFileType = text.xcconfig; name = "Pods-AshanMadhuwantha-Cobsccomp192p-045.debug.xcconfig"; path = "Target Support Files/Pods-AshanMadhuwantha-Cobsccomp192p-045/Pods-AshanMadhuwantha-Cobsccomp192p-045.debug.xcconfig"; sourceTree = "<group>"; };
		5418DDB8792095005EFE7C44 /* Pods-AshanMadhuwantha-Cobsccomp192p-045-AshanMadhuwantha-Cobsccomp192p-045UITests.debug.xcconfig */ = {isa = PBXFileReference; includeInIndex = 1; lastKnownFileType = text.xcconfig; name = "Pods-AshanMadhuwantha-Cobsccomp192p-045-AshanMadhuwantha-Cobsccomp192p-045UITests.debug.xcconfig"; path = "Target Support Files/Pods-AshanMadhuwantha-Cobsccomp192p-045-AshanMadhuwantha-Cobsccomp192p-045UITests/Pods-AshanMadhuwantha-Cobsccomp192p-045-AshanMadhuwantha-Cobsccomp192p-045UITests.debug.xcconfig"; sourceTree = "<group>"; };
		647CE3D65ACB7184435BEA90 /* Pods-AshanMadhuwantha-Cobsccomp192p-045.release.xcconfig */ = {isa = PBXFileReference; includeInIndex = 1; lastKnownFileType = text.xcconfig; name = "Pods-AshanMadhuwantha-Cobsccomp192p-045.release.xcconfig"; path = "Target Support Files/Pods-AshanMadhuwantha-Cobsccomp192p-045/Pods-AshanMadhuwantha-Cobsccomp192p-045.release.xcconfig"; sourceTree = "<group>"; };
		64A83DFF26398D3600AD459F /* FoodTableViewCell.swift */ = {isa = PBXFileReference; lastKnownFileType = sourcecode.swift; path = FoodTableViewCell.swift; sourceTree = "<group>"; };
		64A83E0026398D3600AD459F /* FoodTableViewCell.xib */ = {isa = PBXFileReference; lastKnownFileType = file.xib; path = FoodTableViewCell.xib; sourceTree = "<group>"; };
		64A83E062639CE3600AD459F /* OrderTableViewCell.swift */ = {isa = PBXFileReference; lastKnownFileType = sourcecode.swift; path = OrderTableViewCell.swift; sourceTree = "<group>"; };
		64A83E072639CE3600AD459F /* OrderTableViewCell.xib */ = {isa = PBXFileReference; lastKnownFileType = file.xib; path = OrderTableViewCell.xib; sourceTree = "<group>"; };
		64A83E0D263AA09900AD459F /* SessionMananger.swift */ = {isa = PBXFileReference; lastKnownFileType = sourcecode.swift; path = SessionMananger.swift; sourceTree = "<group>"; };
		64A83E12263AA11000AD459F /* EntityModel.swift */ = {isa = PBXFileReference; lastKnownFileType = sourcecode.swift; path = EntityModel.swift; sourceTree = "<group>"; };
		64A83E17263AA51300AD459F /* StoreViewController.swift */ = {isa = PBXFileReference; lastKnownFileType = sourcecode.swift; path = StoreViewController.swift; sourceTree = "<group>"; };
		64A83E1C263AEA3500AD459F /* InputValidator.swift */ = {isa = PBXFileReference; lastKnownFileType = sourcecode.swift; path = InputValidator.swift; sourceTree = "<group>"; };
		64A83E22263B26BA00AD459F /* StoreRootViewController.swift */ = {isa = PBXFileReference; lastKnownFileType = sourcecode.swift; path = StoreRootViewController.swift; sourceTree = "<group>"; };
		64A83E3E263B43F000AD459F /* CategoryTableViewCell.swift */ = {isa = PBXFileReference; lastKnownFileType = sourcecode.swift; path = CategoryTableViewCell.swift; sourceTree = "<group>"; };
		64A83E3F263B43F000AD459F /* CategoryTableViewCell.xib */ = {isa = PBXFileReference; lastKnownFileType = file.xib; path = CategoryTableViewCell.xib; sourceTree = "<group>"; };
		64A83E47263BB5D900AD459F /* CategoryViewController.swift */ = {isa = PBXFileReference; lastKnownFileType = sourcecode.swift; path = CategoryViewController.swift; sourceTree = "<group>"; };
		64A83E4D263BC1AE00AD459F /* ImageFetcher.swift */ = {isa = PBXFileReference; lastKnownFileType = sourcecode.swift; path = ImageFetcher.swift; sourceTree = "<group>"; };
		64A83E55263BC24400AD459F /* MenuViewController.swift */ = {isa = PBXFileReference; lastKnownFileType = sourcecode.swift; path = MenuViewController.swift; sourceTree = "<group>"; };
		64A83E5A263BC97A00AD459F /* PreviewViewController.swift */ = {isa = PBXFileReference; lastKnownFileType = sourcecode.swift; path = PreviewViewController.swift; sourceTree = "<group>"; };
		64A83E5F263BC9EA00AD459F /* CategoryCollectionViewCell.swift */ = {isa = PBXFileReference; lastKnownFileType = sourcecode.swift; path = CategoryCollectionViewCell.swift; sourceTree = "<group>"; };
		64A83E60263BC9EA00AD459F /* CategoryCollectionViewCell.xib */ = {isa = PBXFileReference; lastKnownFileType = file.xib; path = CategoryCollectionViewCell.xib; sourceTree = "<group>"; };
		64A83E66263C0E9900AD459F /* AccountViewController.swift */ = {isa = PBXFileReference; lastKnownFileType = sourcecode.swift; path = AccountViewController.swift; sourceTree = "<group>"; };
		64A83E6B263C0EC100AD459F /* OrderViewController.swift */ = {isa = PBXFileReference; lastKnownFileType = sourcecode.swift; path = OrderViewController.swift; sourceTree = "<group>"; };
		64A83E84263C6DE400AD459F /* OrderSummaryTableViewCell.swift */ = {isa = PBXFileReference; lastKnownFileType = sourcecode.swift; path = OrderSummaryTableViewCell.swift; sourceTree = "<group>"; };
		64A83E85263C6DE400AD459F /* OrderSummaryTableViewCell.xib */ = {isa = PBXFileReference; lastKnownFileType = file.xib; path = OrderSummaryTableViewCell.xib; sourceTree = "<group>"; };
		64D1813026386D1600006DCE /* AshanMadhuwantha-Cobsccomp192p-045.app */ = {isa = PBXFileReference; explicitFileType = wrapper.application; includeInIndex = 0; path = "AshanMadhuwantha-Cobsccomp192p-045.app"; sourceTree = BUILT_PRODUCTS_DIR; };
		64D1813326386D1600006DCE /* AppDelegate.swift */ = {isa = PBXFileReference; lastKnownFileType = sourcecode.swift; path = AppDelegate.swift; sourceTree = "<group>"; };
		64D1813526386D1600006DCE /* SceneDelegate.swift */ = {isa = PBXFileReference; lastKnownFileType = sourcecode.swift; path = SceneDelegate.swift; sourceTree = "<group>"; };
		64D1813726386D1600006DCE /* ViewController.swift */ = {isa = PBXFileReference; lastKnownFileType = sourcecode.swift; path = ViewController.swift; sourceTree = "<group>"; };
		64D1813A26386D1600006DCE /* Base */ = {isa = PBXFileReference; lastKnownFileType = file.storyboard; name = Base; path = Base.lproj/Main.storyboard; sourceTree = "<group>"; };
		64D1813C26386D1700006DCE /* Assets.xcassets */ = {isa = PBXFileReference; lastKnownFileType = folder.assetcatalog; path = Assets.xcassets; sourceTree = "<group>"; };
		64D1813F26386D1700006DCE /* Base */ = {isa = PBXFileReference; lastKnownFileType = file.storyboard; name = Base; path = Base.lproj/LaunchScreen.storyboard; sourceTree = "<group>"; };
		64D1814126386D1700006DCE /* Info.plist */ = {isa = PBXFileReference; lastKnownFileType = text.plist.xml; path = Info.plist; sourceTree = "<group>"; };
		64D1814626386D1800006DCE /* AshanMadhuwantha-Cobsccomp192p-045Tests.xctest */ = {isa = PBXFileReference; explicitFileType = wrapper.cfbundle; includeInIndex = 0; path = "AshanMadhuwantha-Cobsccomp192p-045Tests.xctest"; sourceTree = BUILT_PRODUCTS_DIR; };
		64D1814A26386D1800006DCE /* AshanMadhuwantha_Cobsccomp192p_045Tests.swift */ = {isa = PBXFileReference; lastKnownFileType = sourcecode.swift; path = AshanMadhuwantha_Cobsccomp192p_045Tests.swift; sourceTree = "<group>"; };
		64D1814C26386D1800006DCE /* Info.plist */ = {isa = PBXFileReference; lastKnownFileType = text.plist.xml; path = Info.plist; sourceTree = "<group>"; };
		64D1815126386D1800006DCE /* AshanMadhuwantha-Cobsccomp192p-045UITests.xctest */ = {isa = PBXFileReference; explicitFileType = wrapper.cfbundle; includeInIndex = 0; path = "AshanMadhuwantha-Cobsccomp192p-045UITests.xctest"; sourceTree = BUILT_PRODUCTS_DIR; };
		64D1815526386D1800006DCE /* AshanMadhuwantha_Cobsccomp192p_045UITests.swift */ = {isa = PBXFileReference; lastKnownFileType = sourcecode.swift; path = AshanMadhuwantha_Cobsccomp192p_045UITests.swift; sourceTree = "<group>"; };
		64D1815726386D1800006DCE /* Info.plist */ = {isa = PBXFileReference; lastKnownFileType = text.plist.xml; path = Info.plist; sourceTree = "<group>"; };
		64D1817F26390E1E00006DCE /* GoogleService-Info.plist */ = {isa = PBXFileReference; fileEncoding = 4; lastKnownFileType = text.plist.xml; path = "GoogleService-Info.plist"; sourceTree = "<group>"; };
		64D1818426390F3400006DCE /* LoginViewController.swift */ = {isa = PBXFileReference; lastKnownFileType = sourcecode.swift; path = LoginViewController.swift; sourceTree = "<group>"; };
		64D181892639370300006DCE /* SignUpViewController.swift */ = {isa = PBXFileReference; lastKnownFileType = sourcecode.swift; path = SignUpViewController.swift; sourceTree = "<group>"; };
		64D1818E26393B0100006DCE /* LaunchViewController.swift */ = {isa = PBXFileReference; lastKnownFileType = sourcecode.swift; path = LaunchViewController.swift; sourceTree = "<group>"; };
		ABC3E1BD3C38C51ECD3804D8 /* Pods_AshanMadhuwantha_Cobsccomp192p_045Tests.framework */ = {isa = PBXFileReference; explicitFileType = wrapper.framework; includeInIndex = 0; path = Pods_AshanMadhuwantha_Cobsccomp192p_045Tests.framework; sourceTree = BUILT_PRODUCTS_DIR; };
		BC6E566A95A27CA227F9B8EC /* Pods-AshanMadhuwantha-Cobsccomp192p-045-AshanMadhuwantha-Cobsccomp192p-045UITests.release.xcconfig */ = {isa = PBXFileReference; includeInIndex = 1; lastKnownFileType = text.xcconfig; name = "Pods-AshanMadhuwantha-Cobsccomp192p-045-AshanMadhuwantha-Cobsccomp192p-045UITests.release.xcconfig"; path = "Target Support Files/Pods-AshanMadhuwantha-Cobsccomp192p-045-AshanMadhuwantha-Cobsccomp192p-045UITests/Pods-AshanMadhuwantha-Cobsccomp192p-045-AshanMadhuwantha-Cobsccomp192p-045UITests.release.xcconfig"; sourceTree = "<group>"; };
		BD92E56997D8BE721064E101 /* Pods_AshanMadhuwantha_Cobsccomp192p_045.framework */ = {isa = PBXFileReference; explicitFileType = wrapper.framework; includeInIndex = 0; path = Pods_AshanMadhuwantha_Cobsccomp192p_045.framework; sourceTree = BUILT_PRODUCTS_DIR; };
		D81C00FA6F4DB35E8F08D7BB /* Pods-AshanMadhuwantha-Cobsccomp192p-045Tests.debug.xcconfig */ = {isa = PBXFileReference; includeInIndex = 1; lastKnownFileType = text.xcconfig; name = "Pods-AshanMadhuwantha-Cobsccomp192p-045Tests.debug.xcconfig"; path = "Target Support Files/Pods-AshanMadhuwantha-Cobsccomp192p-045Tests/Pods-AshanMadhuwantha-Cobsccomp192p-045Tests.debug.xcconfig"; sourceTree = "<group>"; };
		E35243680211D652D724853E /* Pods-AshanMadhuwantha-Cobsccomp192p-045Tests.release.xcconfig */ = {isa = PBXFileReference; includeInIndex = 1; lastKnownFileType = text.xcconfig; name = "Pods-AshanMadhuwantha-Cobsccomp192p-045Tests.release.xcconfig"; path = "Target Support Files/Pods-AshanMadhuwantha-Cobsccomp192p-045Tests/Pods-AshanMadhuwantha-Cobsccomp192p-045Tests.release.xcconfig"; sourceTree = "<group>"; };
/* End PBXFileReference section */

/* Begin PBXFrameworksBuildPhase section */
		64D1812D26386D1600006DCE /* Frameworks */ = {
			isa = PBXFrameworksBuildPhase;
			buildActionMask = 2147483647;
			files = (
				EFBB246D78BC0C67D0016940 /* Pods_AshanMadhuwantha_Cobsccomp192p_045.framework in Frameworks */,
			);
			runOnlyForDeploymentPostprocessing = 0;
		};
		64D1814326386D1800006DCE /* Frameworks */ = {
			isa = PBXFrameworksBuildPhase;
			buildActionMask = 2147483647;
			files = (
				1F11BAD7AB4F1781A07FB6AC /* Pods_AshanMadhuwantha_Cobsccomp192p_045Tests.framework in Frameworks */,
			);
			runOnlyForDeploymentPostprocessing = 0;
		};
		64D1814E26386D1800006DCE /* Frameworks */ = {
			isa = PBXFrameworksBuildPhase;
			buildActionMask = 2147483647;
			files = (
				2DEB77647B54EE80A2898E6F /* Pods_AshanMadhuwantha_Cobsccomp192p_045_AshanMadhuwantha_Cobsccomp192p_045UITests.framework in Frameworks */,
			);
			runOnlyForDeploymentPostprocessing = 0;
		};
/* End PBXFrameworksBuildPhase section */

/* Begin PBXGroup section */
		0B47F80443B792800A19C1E3 /* Pods */ = {
			isa = PBXGroup;
			children = (
				458FAA7DE941DBB3A4DA70C0 /* Pods-AshanMadhuwantha-Cobsccomp192p-045.debug.xcconfig */,
				647CE3D65ACB7184435BEA90 /* Pods-AshanMadhuwantha-Cobsccomp192p-045.release.xcconfig */,
				5418DDB8792095005EFE7C44 /* Pods-AshanMadhuwantha-Cobsccomp192p-045-AshanMadhuwantha-Cobsccomp192p-045UITests.debug.xcconfig */,
				BC6E566A95A27CA227F9B8EC /* Pods-AshanMadhuwantha-Cobsccomp192p-045-AshanMadhuwantha-Cobsccomp192p-045UITests.release.xcconfig */,
				D81C00FA6F4DB35E8F08D7BB /* Pods-AshanMadhuwantha-Cobsccomp192p-045Tests.debug.xcconfig */,
				E35243680211D652D724853E /* Pods-AshanMadhuwantha-Cobsccomp192p-045Tests.release.xcconfig */,
			);
			path = Pods;
			sourceTree = "<group>";
		};
		64A83DFE26398AD000AD459F /* TableViewCells */ = {
			isa = PBXGroup;
			children = (
				64A83DFF26398D3600AD459F /* FoodTableViewCell.swift */,
				64A83E0026398D3600AD459F /* FoodTableViewCell.xib */,
				64A83E062639CE3600AD459F /* OrderTableViewCell.swift */,
				64A83E072639CE3600AD459F /* OrderTableViewCell.xib */,
				64A83E3E263B43F000AD459F /* CategoryTableViewCell.swift */,
				64A83E3F263B43F000AD459F /* CategoryTableViewCell.xib */,
				64A83E5F263BC9EA00AD459F /* CategoryCollectionViewCell.swift */,
				64A83E60263BC9EA00AD459F /* CategoryCollectionViewCell.xib */,
				64A83E84263C6DE400AD459F /* OrderSummaryTableViewCell.swift */,
				64A83E85263C6DE400AD459F /* OrderSummaryTableViewCell.xib */,
			);
			path = TableViewCells;
			sourceTree = "<group>";
		};
		64A83E21263B269F00AD459F /* Store */ = {
			isa = PBXGroup;
			children = (
				64A83E22263B26BA00AD459F /* StoreRootViewController.swift */,
				64A83E47263BB5D900AD459F /* CategoryViewController.swift */,
				64A83E55263BC24400AD459F /* MenuViewController.swift */,
				64A83E5A263BC97A00AD459F /* PreviewViewController.swift */,
			);
			path = Store;
			sourceTree = "<group>";
		};
		64A83E45263BB55500AD459F /* Account */ = {
			isa = PBXGroup;
			children = (
				64A83E66263C0E9900AD459F /* AccountViewController.swift */,
			);
			path = Account;
			sourceTree = "<group>";
		};
		64A83E46263BB5A200AD459F /* Order */ = {
			isa = PBXGroup;
			children = (
				64A83E6B263C0EC100AD459F /* OrderViewController.swift */,
			);
			path = Order;
			sourceTree = "<group>";
		};
		64D1812726386D1600006DCE = {
			isa = PBXGroup;
			children = (
				64D1813226386D1600006DCE /* AshanMadhuwantha-Cobsccomp192p-045 */,
				64D1814926386D1800006DCE /* AshanMadhuwantha-Cobsccomp192p-045Tests */,
				64D1815426386D1800006DCE /* AshanMadhuwantha-Cobsccomp192p-045UITests */,
				64D1813126386D1600006DCE /* Products */,
				0B47F80443B792800A19C1E3 /* Pods */,
				841712D43C34FE3432270283 /* Frameworks */,
			);
			sourceTree = "<group>";
		};
		64D1813126386D1600006DCE /* Products */ = {
			isa = PBXGroup;
			children = (
				64D1813026386D1600006DCE /* AshanMadhuwantha-Cobsccomp192p-045.app */,
				64D1814626386D1800006DCE /* AshanMadhuwantha-Cobsccomp192p-045Tests.xctest */,
				64D1815126386D1800006DCE /* AshanMadhuwantha-Cobsccomp192p-045UITests.xctest */,
			);
			name = Products;
			sourceTree = "<group>";
		};
		64D1813226386D1600006DCE /* AshanMadhuwantha-Cobsccomp192p-045 */ = {
			isa = PBXGroup;
			children = (
				64A83DFE26398AD000AD459F /* TableViewCells */,
				64D1819326393B1500006DCE /* Util */,
				64D181682638796000006DCE /* Controller */,
				64D181672638795600006DCE /* Model */,
				64D181662638794E00006DCE /* View */,
				64D1813326386D1600006DCE /* AppDelegate.swift */,
				64D1813526386D1600006DCE /* SceneDelegate.swift */,
				64D1813726386D1600006DCE /* ViewController.swift */,
				64D1813C26386D1700006DCE /* Assets.xcassets */,
				64D1813E26386D1700006DCE /* LaunchScreen.storyboard */,
				64D1814126386D1700006DCE /* Info.plist */,
				64D1817F26390E1E00006DCE /* GoogleService-Info.plist */,
			);
			path = "AshanMadhuwantha-Cobsccomp192p-045";
			sourceTree = "<group>";
		};
		64D1814926386D1800006DCE /* AshanMadhuwantha-Cobsccomp192p-045Tests */ = {
			isa = PBXGroup;
			children = (
				64D1814A26386D1800006DCE /* AshanMadhuwantha_Cobsccomp192p_045Tests.swift */,
				64D1814C26386D1800006DCE /* Info.plist */,
			);
			path = "AshanMadhuwantha-Cobsccomp192p-045Tests";
			sourceTree = "<group>";
		};
		64D1815426386D1800006DCE /* AshanMadhuwantha-Cobsccomp192p-045UITests */ = {
			isa = PBXGroup;
			children = (
				64D1815526386D1800006DCE /* AshanMadhuwantha_Cobsccomp192p_045UITests.swift */,
				64D1815726386D1800006DCE /* Info.plist */,
			);
			path = "AshanMadhuwantha-Cobsccomp192p-045UITests";
			sourceTree = "<group>";
		};
		64D181662638794E00006DCE /* View */ = {
			isa = PBXGroup;
			children = (
				64D1813926386D1600006DCE /* Main.storyboard */,
			);
			path = View;
			sourceTree = "<group>";
		};
		64D181672638795600006DCE /* Model */ = {
			isa = PBXGroup;
			children = (
				64A83E12263AA11000AD459F /* EntityModel.swift */,
			);
			path = Model;
			sourceTree = "<group>";
		};
		64D181682638796000006DCE /* Controller */ = {
			isa = PBXGroup;
			children = (
				64A83E46263BB5A200AD459F /* Order */,
				64A83E45263BB55500AD459F /* Account */,
				64A83E21263B269F00AD459F /* Store */,
				64D1818426390F3400006DCE /* LoginViewController.swift */,
				64D181892639370300006DCE /* SignUpViewController.swift */,
				64D1818E26393B0100006DCE /* LaunchViewController.swift */,
				64A83E17263AA51300AD459F /* StoreViewController.swift */,
			);
			path = Controller;
			sourceTree = "<group>";
		};
		64D1819326393B1500006DCE /* Util */ = {
			isa = PBXGroup;
			children = (
				64A83E0D263AA09900AD459F /* SessionMananger.swift */,
				64A83E1C263AEA3500AD459F /* InputValidator.swift */,
				64A83E4D263BC1AE00AD459F /* ImageFetcher.swift */,
			);
			path = Util;
			sourceTree = "<group>";
		};
		841712D43C34FE3432270283 /* Frameworks */ = {
			isa = PBXGroup;
			children = (
				BD92E56997D8BE721064E101 /* Pods_AshanMadhuwantha_Cobsccomp192p_045.framework */,
				3D3B8F3ED1D227B612035570 /* Pods_AshanMadhuwantha_Cobsccomp192p_045_AshanMadhuwantha_Cobsccomp192p_045UITests.framework */,
				ABC3E1BD3C38C51ECD3804D8 /* Pods_AshanMadhuwantha_Cobsccomp192p_045Tests.framework */,
			);
			name = Frameworks;
			sourceTree = "<group>";
		};
/* End PBXGroup section */

/* Begin PBXNativeTarget section */
		64D1812F26386D1600006DCE /* AshanMadhuwantha-Cobsccomp192p-045 */ = {
			isa = PBXNativeTarget;
			buildConfigurationList = 64D1815A26386D1800006DCE /* Build configuration list for PBXNativeTarget "AshanMadhuwantha-Cobsccomp192p-045" */;
			buildPhases = (
				E5C19E01B43D13C6D99C1332 /* [CP] Check Pods Manifest.lock */,
				64D1812C26386D1600006DCE /* Sources */,
				64D1812D26386D1600006DCE /* Frameworks */,
				64D1812E26386D1600006DCE /* Resources */,
				D3E9E0323E804EA7F9CB99CE /* [CP] Embed Pods Frameworks */,
			);
			buildRules = (
			);
			dependencies = (
			);
			name = "AshanMadhuwantha-Cobsccomp192p-045";
			productName = "AshanMadhuwantha-Cobsccomp192p-045";
			productReference = 64D1813026386D1600006DCE /* AshanMadhuwantha-Cobsccomp192p-045.app */;
			productType = "com.apple.product-type.application";
		};
		64D1814526386D1800006DCE /* AshanMadhuwantha-Cobsccomp192p-045Tests */ = {
			isa = PBXNativeTarget;
			buildConfigurationList = 64D1815D26386D1800006DCE /* Build configuration list for PBXNativeTarget "AshanMadhuwantha-Cobsccomp192p-045Tests" */;
			buildPhases = (
				E275C19E795273D388FF358A /* [CP] Check Pods Manifest.lock */,
				64D1814226386D1800006DCE /* Sources */,
				64D1814326386D1800006DCE /* Frameworks */,
				64D1814426386D1800006DCE /* Resources */,
			);
			buildRules = (
			);
			dependencies = (
				64D1814826386D1800006DCE /* PBXTargetDependency */,
			);
			name = "AshanMadhuwantha-Cobsccomp192p-045Tests";
			productName = "AshanMadhuwantha-Cobsccomp192p-045Tests";
			productReference = 64D1814626386D1800006DCE /* AshanMadhuwantha-Cobsccomp192p-045Tests.xctest */;
			productType = "com.apple.product-type.bundle.unit-test";
		};
		64D1815026386D1800006DCE /* AshanMadhuwantha-Cobsccomp192p-045UITests */ = {
			isa = PBXNativeTarget;
			buildConfigurationList = 64D1816026386D1800006DCE /* Build configuration list for PBXNativeTarget "AshanMadhuwantha-Cobsccomp192p-045UITests" */;
			buildPhases = (
				F35A257240A8C907E0D5F33E /* [CP] Check Pods Manifest.lock */,
				64D1814D26386D1800006DCE /* Sources */,
				64D1814E26386D1800006DCE /* Frameworks */,
				64D1814F26386D1800006DCE /* Resources */,
				917CEC6F8B41F6E7124A6A62 /* [CP] Embed Pods Frameworks */,
			);
			buildRules = (
			);
			dependencies = (
				64D1815326386D1800006DCE /* PBXTargetDependency */,
			);
			name = "AshanMadhuwantha-Cobsccomp192p-045UITests";
			productName = "AshanMadhuwantha-Cobsccomp192p-045UITests";
			productReference = 64D1815126386D1800006DCE /* AshanMadhuwantha-Cobsccomp192p-045UITests.xctest */;
			productType = "com.apple.product-type.bundle.ui-testing";
		};
/* End PBXNativeTarget section */

/* Begin PBXProject section */
		64D1812826386D1600006DCE /* Project object */ = {
			isa = PBXProject;
			attributes = {
				LastSwiftUpdateCheck = 1240;
				LastUpgradeCheck = 1240;
				TargetAttributes = {
					64D1812F26386D1600006DCE = {
						CreatedOnToolsVersion = 12.4;
					};
					64D1814526386D1800006DCE = {
						CreatedOnToolsVersion = 12.4;
						TestTargetID = 64D1812F26386D1600006DCE;
					};
					64D1815026386D1800006DCE = {
						CreatedOnToolsVersion = 12.4;
						TestTargetID = 64D1812F26386D1600006DCE;
					};
				};
			};
			buildConfigurationList = 64D1812B26386D1600006DCE /* Build configuration list for PBXProject "AshanMadhuwantha-Cobsccomp192p-045" */;
			compatibilityVersion = "Xcode 9.3";
			developmentRegion = en;
			hasScannedForEncodings = 0;
			knownRegions = (
				en,
				Base,
			);
			mainGroup = 64D1812726386D1600006DCE;
			productRefGroup = 64D1813126386D1600006DCE /* Products */;
			projectDirPath = "";
			projectRoot = "";
			targets = (
				64D1812F26386D1600006DCE /* AshanMadhuwantha-Cobsccomp192p-045 */,
				64D1814526386D1800006DCE /* AshanMadhuwantha-Cobsccomp192p-045Tests */,
				64D1815026386D1800006DCE /* AshanMadhuwantha-Cobsccomp192p-045UITests */,
			);
		};
/* End PBXProject section */

/* Begin PBXResourcesBuildPhase section */
		64D1812E26386D1600006DCE /* Resources */ = {
			isa = PBXResourcesBuildPhase;
			buildActionMask = 2147483647;
			files = (
				64A83E092639CE3600AD459F /* OrderTableViewCell.xib in Resources */,
				64A83E41263B43F000AD459F /* CategoryTableViewCell.xib in Resources */,
				64A83E87263C6DE400AD459F /* OrderSummaryTableViewCell.xib in Resources */,
				64D1814026386D1700006DCE /* LaunchScreen.storyboard in Resources */,
				64D1818026390E1E00006DCE /* GoogleService-Info.plist in Resources */,
				64A83E62263BC9EA00AD459F /* CategoryCollectionViewCell.xib in Resources */,
				64A83E0226398D3600AD459F /* FoodTableViewCell.xib in Resources */,
				64D1813D26386D1700006DCE /* Assets.xcassets in Resources */,
				64D1813B26386D1600006DCE /* Main.storyboard in Resources */,
			);
			runOnlyForDeploymentPostprocessing = 0;
		};
		64D1814426386D1800006DCE /* Resources */ = {
			isa = PBXResourcesBuildPhase;
			buildActionMask = 2147483647;
			files = (
			);
			runOnlyForDeploymentPostprocessing = 0;
		};
		64D1814F26386D1800006DCE /* Resources */ = {
			isa = PBXResourcesBuildPhase;
			buildActionMask = 2147483647;
			files = (
			);
			runOnlyForDeploymentPostprocessing = 0;
		};
/* End PBXResourcesBuildPhase section */

/* Begin PBXShellScriptBuildPhase section */
		917CEC6F8B41F6E7124A6A62 /* [CP] Embed Pods Frameworks */ = {
			isa = PBXShellScriptBuildPhase;
			buildActionMask = 2147483647;
			files = (
			);
			inputFileListPaths = (
				"${PODS_ROOT}/Target Support Files/Pods-AshanMadhuwantha-Cobsccomp192p-045-AshanMadhuwantha-Cobsccomp192p-045UITests/Pods-AshanMadhuwantha-Cobsccomp192p-045-AshanMadhuwantha-Cobsccomp192p-045UITests-frameworks-${CONFIGURATION}-input-files.xcfilelist",
			);
			name = "[CP] Embed Pods Frameworks";
			outputFileListPaths = (
				"${PODS_ROOT}/Target Support Files/Pods-AshanMadhuwantha-Cobsccomp192p-045-AshanMadhuwantha-Cobsccomp192p-045UITests/Pods-AshanMadhuwantha-Cobsccomp192p-045-AshanMadhuwantha-Cobsccomp192p-045UITests-frameworks-${CONFIGURATION}-output-files.xcfilelist",
			);
			runOnlyForDeploymentPostprocessing = 0;
			shellPath = /bin/sh;
			shellScript = "\"${PODS_ROOT}/Target Support Files/Pods-AshanMadhuwantha-Cobsccomp192p-045-AshanMadhuwantha-Cobsccomp192p-045UITests/Pods-AshanMadhuwantha-Cobsccomp192p-045-AshanMadhuwantha-Cobsccomp192p-045UITests-frameworks.sh\"\n";
			showEnvVarsInLog = 0;
		};
		D3E9E0323E804EA7F9CB99CE /* [CP] Embed Pods Frameworks */ = {
			isa = PBXShellScriptBuildPhase;
			buildActionMask = 2147483647;
			files = (
			);
			inputFileListPaths = (
				"${PODS_ROOT}/Target Support Files/Pods-AshanMadhuwantha-Cobsccomp192p-045/Pods-AshanMadhuwantha-Cobsccomp192p-045-frameworks-${CONFIGURATION}-input-files.xcfilelist",
			);
			name = "[CP] Embed Pods Frameworks";
			outputFileListPaths = (
				"${PODS_ROOT}/Target Support Files/Pods-AshanMadhuwantha-Cobsccomp192p-045/Pods-AshanMadhuwantha-Cobsccomp192p-045-frameworks-${CONFIGURATION}-output-files.xcfilelist",
			);
			runOnlyForDeploymentPostprocessing = 0;
			shellPath = /bin/sh;
			shellScript = "\"${PODS_ROOT}/Target Support Files/Pods-AshanMadhuwantha-Cobsccomp192p-045/Pods-AshanMadhuwantha-Cobsccomp192p-045-frameworks.sh\"\n";
			showEnvVarsInLog = 0;
		};
		E275C19E795273D388FF358A /* [CP] Check Pods Manifest.lock */ = {
			isa = PBXShellScriptBuildPhase;
			buildActionMask = 2147483647;
			files = (
			);
			inputFileListPaths = (
			);
			inputPaths = (
				"${PODS_PODFILE_DIR_PATH}/Podfile.lock",
				"${PODS_ROOT}/Manifest.lock",
			);
			name = "[CP] Check Pods Manifest.lock";
			outputFileListPaths = (
			);
			outputPaths = (
				"$(DERIVED_FILE_DIR)/Pods-AshanMadhuwantha-Cobsccomp192p-045Tests-checkManifestLockResult.txt",
			);
			runOnlyForDeploymentPostprocessing = 0;
			shellPath = /bin/sh;
			shellScript = "diff \"${PODS_PODFILE_DIR_PATH}/Podfile.lock\" \"${PODS_ROOT}/Manifest.lock\" > /dev/null\nif [ $? != 0 ] ; then\n    # print error to STDERR\n    echo \"error: The sandbox is not in sync with the Podfile.lock. Run 'pod install' or update your CocoaPods installation.\" >&2\n    exit 1\nfi\n# This output is used by Xcode 'outputs' to avoid re-running this script phase.\necho \"SUCCESS\" > \"${SCRIPT_OUTPUT_FILE_0}\"\n";
			showEnvVarsInLog = 0;
		};
		E5C19E01B43D13C6D99C1332 /* [CP] Check Pods Manifest.lock */ = {
			isa = PBXShellScriptBuildPhase;
			buildActionMask = 2147483647;
			files = (
			);
			inputFileListPaths = (
			);
			inputPaths = (
				"${PODS_PODFILE_DIR_PATH}/Podfile.lock",
				"${PODS_ROOT}/Manifest.lock",
			);
			name = "[CP] Check Pods Manifest.lock";
			outputFileListPaths = (
			);
			outputPaths = (
				"$(DERIVED_FILE_DIR)/Pods-AshanMadhuwantha-Cobsccomp192p-045-checkManifestLockResult.txt",
			);
			runOnlyForDeploymentPostprocessing = 0;
			shellPath = /bin/sh;
			shellScript = "diff \"${PODS_PODFILE_DIR_PATH}/Podfile.lock\" \"${PODS_ROOT}/Manifest.lock\" > /dev/null\nif [ $? != 0 ] ; then\n    # print error to STDERR\n    echo \"error: The sandbox is not in sync with the Podfile.lock. Run 'pod install' or update your CocoaPods installation.\" >&2\n    exit 1\nfi\n# This output is used by Xcode 'outputs' to avoid re-running this script phase.\necho \"SUCCESS\" > \"${SCRIPT_OUTPUT_FILE_0}\"\n";
			showEnvVarsInLog = 0;
		};
		F35A257240A8C907E0D5F33E /* [CP] Check Pods Manifest.lock */ = {
			isa = PBXShellScriptBuildPhase;
			buildActionMask = 2147483647;
			files = (
			);
			inputFileListPaths = (
			);
			inputPaths = (
				"${PODS_PODFILE_DIR_PATH}/Podfile.lock",
				"${PODS_ROOT}/Manifest.lock",
			);
			name = "[CP] Check Pods Manifest.lock";
			outputFileListPaths = (
			);
			outputPaths = (
				"$(DERIVED_FILE_DIR)/Pods-AshanMadhuwantha-Cobsccomp192p-045-AshanMadhuwantha-Cobsccomp192p-045UITests-checkManifestLockResult.txt",
			);
			runOnlyForDeploymentPostprocessing = 0;
			shellPath = /bin/sh;
			shellScript = "diff \"${PODS_PODFILE_DIR_PATH}/Podfile.lock\" \"${PODS_ROOT}/Manifest.lock\" > /dev/null\nif [ $? != 0 ] ; then\n    # print error to STDERR\n    echo \"error: The sandbox is not in sync with the Podfile.lock. Run 'pod install' or update your CocoaPods installation.\" >&2\n    exit 1\nfi\n# This output is used by Xcode 'outputs' to avoid re-running this script phase.\necho \"SUCCESS\" > \"${SCRIPT_OUTPUT_FILE_0}\"\n";
			showEnvVarsInLog = 0;
		};
/* End PBXShellScriptBuildPhase section */

/* Begin PBXSourcesBuildPhase section */
		64D1812C26386D1600006DCE /* Sources */ = {
			isa = PBXSourcesBuildPhase;
			buildActionMask = 2147483647;
			files = (
				64A83E13263AA11000AD459F /* EntityModel.swift in Sources */,
				64A83E4E263BC1AE00AD459F /* ImageFetcher.swift in Sources */,
				64A83E1D263AEA3500AD459F /* InputValidator.swift in Sources */,
				64D1818526390F3400006DCE /* LoginViewController.swift in Sources */,
				64A83E18263AA51300AD459F /* StoreViewController.swift in Sources */,
				64D1818F26393B0100006DCE /* LaunchViewController.swift in Sources */,
				64A83E67263C0E9900AD459F /* AccountViewController.swift in Sources */,
				64A83E082639CE3600AD459F /* OrderTableViewCell.swift in Sources */,
				64A83E0E263AA09900AD459F /* SessionMananger.swift in Sources */,
				64D1813826386D1600006DCE /* ViewController.swift in Sources */,
				64A83E0126398D3600AD459F /* FoodTableViewCell.swift in Sources */,
				64A83E86263C6DE400AD459F /* OrderSummaryTableViewCell.swift in Sources */,
				64A83E61263BC9EA00AD459F /* CategoryCollectionViewCell.swift in Sources */,
				64D1813426386D1600006DCE /* AppDelegate.swift in Sources */,
				64A83E56263BC24400AD459F /* MenuViewController.swift in Sources */,
				64A83E48263BB5D900AD459F /* CategoryViewController.swift in Sources */,
				64D1813626386D1600006DCE /* SceneDelegate.swift in Sources */,
				64A83E40263B43F000AD459F /* CategoryTableViewCell.swift in Sources */,
				64A83E6C263C0EC100AD459F /* OrderViewController.swift in Sources */,
				64D1818A2639370300006DCE /* SignUpViewController.swift in Sources */,
				64A83E23263B26BA00AD459F /* StoreRootViewController.swift in Sources */,
				64A83E5B263BC97A00AD459F /* PreviewViewController.swift in Sources */,
			);
			runOnlyForDeploymentPostprocessing = 0;
		};
		64D1814226386D1800006DCE /* Sources */ = {
			isa = PBXSourcesBuildPhase;
			buildActionMask = 2147483647;
			files = (
				64D1814B26386D1800006DCE /* AshanMadhuwantha_Cobsccomp192p_045Tests.swift in Sources */,
			);
			runOnlyForDeploymentPostprocessing = 0;
		};
		64D1814D26386D1800006DCE /* Sources */ = {
			isa = PBXSourcesBuildPhase;
			buildActionMask = 2147483647;
			files = (
				64D1815626386D1800006DCE /* AshanMadhuwantha_Cobsccomp192p_045UITests.swift in Sources */,
			);
			runOnlyForDeploymentPostprocessing = 0;
		};
/* End PBXSourcesBuildPhase section */

/* Begin PBXTargetDependency section */
		64D1814826386D1800006DCE /* PBXTargetDependency */ = {
			isa = PBXTargetDependency;
			target = 64D1812F26386D1600006DCE /* AshanMadhuwantha-Cobsccomp192p-045 */;
			targetProxy = 64D1814726386D1800006DCE /* PBXContainerItemProxy */;
		};
		64D1815326386D1800006DCE /* PBXTargetDependency */ = {
			isa = PBXTargetDependency;
			target = 64D1812F26386D1600006DCE /* AshanMadhuwantha-Cobsccomp192p-045 */;
			targetProxy = 64D1815226386D1800006DCE /* PBXContainerItemProxy */;
		};
/* End PBXTargetDependency section */

/* Begin PBXVariantGroup section */
		64D1813926386D1600006DCE /* Main.storyboard */ = {
			isa = PBXVariantGroup;
			children = (
				64D1813A26386D1600006DCE /* Base */,
			);
			name = Main.storyboard;
			sourceTree = "<group>";
		};
		64D1813E26386D1700006DCE /* LaunchScreen.storyboard */ = {
			isa = PBXVariantGroup;
			children = (
				64D1813F26386D1700006DCE /* Base */,
			);
			name = LaunchScreen.storyboard;
			sourceTree = "<group>";
		};
/* End PBXVariantGroup section */

/* Begin XCBuildConfiguration section */
		64D1815826386D1800006DCE /* Debug */ = {
			isa = XCBuildConfiguration;
			buildSettings = {
				ALWAYS_SEARCH_USER_PATHS = NO;
				CLANG_ANALYZER_NONNULL = YES;
				CLANG_ANALYZER_NUMBER_OBJECT_CONVERSION = YES_AGGRESSIVE;
				CLANG_CXX_LANGUAGE_STANDARD = "gnu++14";
				CLANG_CXX_LIBRARY = "libc++";
				CLANG_ENABLE_MODULES = YES;
				CLANG_ENABLE_OBJC_ARC = YES;
				CLANG_ENABLE_OBJC_WEAK = YES;
				CLANG_WARN_BLOCK_CAPTURE_AUTORELEASING = YES;
				CLANG_WARN_BOOL_CONVERSION = YES;
				CLANG_WARN_COMMA = YES;
				CLANG_WARN_CONSTANT_CONVERSION = YES;
				CLANG_WARN_DEPRECATED_OBJC_IMPLEMENTATIONS = YES;
				CLANG_WARN_DIRECT_OBJC_ISA_USAGE = YES_ERROR;
				CLANG_WARN_DOCUMENTATION_COMMENTS = YES;
				CLANG_WARN_EMPTY_BODY = YES;
				CLANG_WARN_ENUM_CONVERSION = YES;
				CLANG_WARN_INFINITE_RECURSION = YES;
				CLANG_WARN_INT_CONVERSION = YES;
				CLANG_WARN_NON_LITERAL_NULL_CONVERSION = YES;
				CLANG_WARN_OBJC_IMPLICIT_RETAIN_SELF = YES;
				CLANG_WARN_OBJC_LITERAL_CONVERSION = YES;
				CLANG_WARN_OBJC_ROOT_CLASS = YES_ERROR;
				CLANG_WARN_QUOTED_INCLUDE_IN_FRAMEWORK_HEADER = YES;
				CLANG_WARN_RANGE_LOOP_ANALYSIS = YES;
				CLANG_WARN_STRICT_PROTOTYPES = YES;
				CLANG_WARN_SUSPICIOUS_MOVE = YES;
				CLANG_WARN_UNGUARDED_AVAILABILITY = YES_AGGRESSIVE;
				CLANG_WARN_UNREACHABLE_CODE = YES;
				CLANG_WARN__DUPLICATE_METHOD_MATCH = YES;
				COPY_PHASE_STRIP = NO;
				DEBUG_INFORMATION_FORMAT = dwarf;
				ENABLE_STRICT_OBJC_MSGSEND = YES;
				ENABLE_TESTABILITY = YES;
				GCC_C_LANGUAGE_STANDARD = gnu11;
				GCC_DYNAMIC_NO_PIC = NO;
				GCC_NO_COMMON_BLOCKS = YES;
				GCC_OPTIMIZATION_LEVEL = 0;
				GCC_PREPROCESSOR_DEFINITIONS = (
					"DEBUG=1",
					"$(inherited)",
				);
				GCC_WARN_64_TO_32_BIT_CONVERSION = YES;
				GCC_WARN_ABOUT_RETURN_TYPE = YES_ERROR;
				GCC_WARN_UNDECLARED_SELECTOR = YES;
				GCC_WARN_UNINITIALIZED_AUTOS = YES_AGGRESSIVE;
				GCC_WARN_UNUSED_FUNCTION = YES;
				GCC_WARN_UNUSED_VARIABLE = YES;
				IPHONEOS_DEPLOYMENT_TARGET = 14.4;
				MTL_ENABLE_DEBUG_INFO = INCLUDE_SOURCE;
				MTL_FAST_MATH = YES;
				ONLY_ACTIVE_ARCH = YES;
				SDKROOT = iphoneos;
				SWIFT_ACTIVE_COMPILATION_CONDITIONS = DEBUG;
				SWIFT_OPTIMIZATION_LEVEL = "-Onone";
			};
			name = Debug;
		};
		64D1815926386D1800006DCE /* Release */ = {
			isa = XCBuildConfiguration;
			buildSettings = {
				ALWAYS_SEARCH_USER_PATHS = NO;
				CLANG_ANALYZER_NONNULL = YES;
				CLANG_ANALYZER_NUMBER_OBJECT_CONVERSION = YES_AGGRESSIVE;
				CLANG_CXX_LANGUAGE_STANDARD = "gnu++14";
				CLANG_CXX_LIBRARY = "libc++";
				CLANG_ENABLE_MODULES = YES;
				CLANG_ENABLE_OBJC_ARC = YES;
				CLANG_ENABLE_OBJC_WEAK = YES;
				CLANG_WARN_BLOCK_CAPTURE_AUTORELEASING = YES;
				CLANG_WARN_BOOL_CONVERSION = YES;
				CLANG_WARN_COMMA = YES;
				CLANG_WARN_CONSTANT_CONVERSION = YES;
				CLANG_WARN_DEPRECATED_OBJC_IMPLEMENTATIONS = YES;
				CLANG_WARN_DIRECT_OBJC_ISA_USAGE = YES_ERROR;
				CLANG_WARN_DOCUMENTATION_COMMENTS = YES;
				CLANG_WARN_EMPTY_BODY = YES;
				CLANG_WARN_ENUM_CONVERSION = YES;
				CLANG_WARN_INFINITE_RECURSION = YES;
				CLANG_WARN_INT_CONVERSION = YES;
				CLANG_WARN_NON_LITERAL_NULL_CONVERSION = YES;
				CLANG_WARN_OBJC_IMPLICIT_RETAIN_SELF = YES;
				CLANG_WARN_OBJC_LITERAL_CONVERSION = YES;
				CLANG_WARN_OBJC_ROOT_CLASS = YES_ERROR;
				CLANG_WARN_QUOTED_INCLUDE_IN_FRAMEWORK_HEADER = YES;
				CLANG_WARN_RANGE_LOOP_ANALYSIS = YES;
				CLANG_WARN_STRICT_PROTOTYPES = YES;
				CLANG_WARN_SUSPICIOUS_MOVE = YES;
				CLANG_WARN_UNGUARDED_AVAILABILITY = YES_AGGRESSIVE;
				CLANG_WARN_UNREACHABLE_CODE = YES;
				CLANG_WARN__DUPLICATE_METHOD_MATCH = YES;
				COPY_PHASE_STRIP = NO;
				DEBUG_INFORMATION_FORMAT = "dwarf-with-dsym";
				ENABLE_NS_ASSERTIONS = NO;
				ENABLE_STRICT_OBJC_MSGSEND = YES;
				GCC_C_LANGUAGE_STANDARD = gnu11;
				GCC_NO_COMMON_BLOCKS = YES;
				GCC_WARN_64_TO_32_BIT_CONVERSION = YES;
				GCC_WARN_ABOUT_RETURN_TYPE = YES_ERROR;
				GCC_WARN_UNDECLARED_SELECTOR = YES;
				GCC_WARN_UNINITIALIZED_AUTOS = YES_AGGRESSIVE;
				GCC_WARN_UNUSED_FUNCTION = YES;
				GCC_WARN_UNUSED_VARIABLE = YES;
				IPHONEOS_DEPLOYMENT_TARGET = 14.4;
				MTL_ENABLE_DEBUG_INFO = NO;
				MTL_FAST_MATH = YES;
				SDKROOT = iphoneos;
				SWIFT_COMPILATION_MODE = wholemodule;
				SWIFT_OPTIMIZATION_LEVEL = "-O";
				VALIDATE_PRODUCT = YES;
			};
			name = Release;
		};
		64D1815B26386D1800006DCE /* Debug */ = {
			isa = XCBuildConfiguration;
			baseConfigurationReference = 458FAA7DE941DBB3A4DA70C0 /* Pods-AshanMadhuwantha-Cobsccomp192p-045.debug.xcconfig */;
			buildSettings = {
				ASSETCATALOG_COMPILER_APPICON_NAME = AppIcon;
				ASSETCATALOG_COMPILER_GLOBAL_ACCENT_COLOR_NAME = AccentColor;
				CODE_SIGN_STYLE = Automatic;
				DEVELOPMENT_TEAM = D56U9585GH;
				INFOPLIST_FILE = "AshanMadhuwantha-Cobsccomp192p-045/Info.plist";
				LD_RUNPATH_SEARCH_PATHS = (
					"$(inherited)",
					"@executable_path/Frameworks",
				);
				PRODUCT_BUNDLE_IDENTIFIER = "spacecode.AshanMadhuwantha-Cobsccomp192p-045";
				PRODUCT_NAME = "$(TARGET_NAME)";
				SWIFT_VERSION = 5.0;
				TARGETED_DEVICE_FAMILY = "1,2";
			};
			name = Debug;
		};
		64D1815C26386D1800006DCE /* Release */ = {
			isa = XCBuildConfiguration;
			baseConfigurationReference = 647CE3D65ACB7184435BEA90 /* Pods-AshanMadhuwantha-Cobsccomp192p-045.release.xcconfig */;
			buildSettings = {
				ASSETCATALOG_COMPILER_APPICON_NAME = AppIcon;
				ASSETCATALOG_COMPILER_GLOBAL_ACCENT_COLOR_NAME = AccentColor;
				CODE_SIGN_STYLE = Automatic;
				DEVELOPMENT_TEAM = D56U9585GH;
				INFOPLIST_FILE = "AshanMadhuwantha-Cobsccomp192p-045/Info.plist";
				LD_RUNPATH_SEARCH_PATHS = (
					"$(inherited)",
					"@executable_path/Frameworks",
				);
				PRODUCT_BUNDLE_IDENTIFIER = "spacecode.AshanMadhuwantha-Cobsccomp192p-045";
				PRODUCT_NAME = "$(TARGET_NAME)";
				SWIFT_VERSION = 5.0;
				TARGETED_DEVICE_FAMILY = "1,2";
			};
			name = Release;
		};
		64D1815E26386D1800006DCE /* Debug */ = {
			isa = XCBuildConfiguration;
			baseConfigurationReference = D81C00FA6F4DB35E8F08D7BB /* Pods-AshanMadhuwantha-Cobsccomp192p-045Tests.debug.xcconfig */;
			buildSettings = {
				ALWAYS_EMBED_SWIFT_STANDARD_LIBRARIES = YES;
				BUNDLE_LOADER = "$(TEST_HOST)";
				CODE_SIGN_STYLE = Automatic;
				DEVELOPMENT_TEAM = D56U9585GH;
				INFOPLIST_FILE = "AshanMadhuwantha-Cobsccomp192p-045Tests/Info.plist";
				IPHONEOS_DEPLOYMENT_TARGET = 14.4;
				LD_RUNPATH_SEARCH_PATHS = (
					"$(inherited)",
					"@executable_path/Frameworks",
					"@loader_path/Frameworks",
				);
				PRODUCT_BUNDLE_IDENTIFIER = "spacecode.AshanMadhuwantha-Cobsccomp192p-045Tests";
				PRODUCT_NAME = "$(TARGET_NAME)";
				SWIFT_VERSION = 5.0;
				TARGETED_DEVICE_FAMILY = "1,2";
				TEST_HOST = "$(BUILT_PRODUCTS_DIR)/AshanMadhuwantha-Cobsccomp192p-045.app/AshanMadhuwantha-Cobsccomp192p-045";
			};
			name = Debug;
		};
		64D1815F26386D1800006DCE /* Release */ = {
			isa = XCBuildConfiguration;
			baseConfigurationReference = E35243680211D652D724853E /* Pods-AshanMadhuwantha-Cobsccomp192p-045Tests.release.xcconfig */;
			buildSettings = {
				ALWAYS_EMBED_SWIFT_STANDARD_LIBRARIES = YES;
				BUNDLE_LOADER = "$(TEST_HOST)";
				CODE_SIGN_STYLE = Automatic;
				DEVELOPMENT_TEAM = D56U9585GH;
				INFOPLIST_FILE = "AshanMadhuwantha-Cobsccomp192p-045Tests/Info.plist";
				IPHONEOS_DEPLOYMENT_TARGET = 14.4;
				LD_RUNPATH_SEARCH_PATHS = (
					"$(inherited)",
					"@executable_path/Frameworks",
					"@loader_path/Frameworks",
				);
				PRODUCT_BUNDLE_IDENTIFIER = "spacecode.AshanMadhuwantha-Cobsccomp192p-045Tests";
				PRODUCT_NAME = "$(TARGET_NAME)";
				SWIFT_VERSION = 5.0;
				TARGETED_DEVICE_FAMILY = "1,2";
				TEST_HOST = "$(BUILT_PRODUCTS_DIR)/AshanMadhuwantha-Cobsccomp192p-045.app/AshanMadhuwantha-Cobsccomp192p-045";
			};
			name = Release;
		};
		64D1816126386D1800006DCE /* Debug */ = {
			isa = XCBuildConfiguration;
			baseConfigurationReference = 5418DDB8792095005EFE7C44 /* Pods-AshanMadhuwantha-Cobsccomp192p-045-AshanMadhuwantha-Cobsccomp192p-045UITests.debug.xcconfig */;
			buildSettings = {
				ALWAYS_EMBED_SWIFT_STANDARD_LIBRARIES = YES;
				CODE_SIGN_STYLE = Automatic;
				DEVELOPMENT_TEAM = D56U9585GH;
				INFOPLIST_FILE = "AshanMadhuwantha-Cobsccomp192p-045UITests/Info.plist";
				LD_RUNPATH_SEARCH_PATHS = (
					"$(inherited)",
					"@executable_path/Frameworks",
					"@loader_path/Frameworks",
				);
				PRODUCT_BUNDLE_IDENTIFIER = "spacecode.AshanMadhuwantha-Cobsccomp192p-045UITests";
				PRODUCT_NAME = "$(TARGET_NAME)";
				SWIFT_VERSION = 5.0;
				TARGETED_DEVICE_FAMILY = "1,2";
				TEST_TARGET_NAME = "AshanMadhuwantha-Cobsccomp192p-045";
			};
			name = Debug;
		};
		64D1816226386D1800006DCE /* Release */ = {
			isa = XCBuildConfiguration;
			baseConfigurationReference = BC6E566A95A27CA227F9B8EC /* Pods-AshanMadhuwantha-Cobsccomp192p-045-AshanMadhuwantha-Cobsccomp192p-045UITests.release.xcconfig */;
			buildSettings = {
				ALWAYS_EMBED_SWIFT_STANDARD_LIBRARIES = YES;
				CODE_SIGN_STYLE = Automatic;
				DEVELOPMENT_TEAM = D56U9585GH;
				INFOPLIST_FILE = "AshanMadhuwantha-Cobsccomp192p-045UITests/Info.plist";
				LD_RUNPATH_SEARCH_PATHS = (
					"$(inherited)",
					"@executable_path/Frameworks",
					"@loader_path/Frameworks",
				);
				PRODUCT_BUNDLE_IDENTIFIER = "spacecode.AshanMadhuwantha-Cobsccomp192p-045UITests";
				PRODUCT_NAME = "$(TARGET_NAME)";
				SWIFT_VERSION = 5.0;
				TARGETED_DEVICE_FAMILY = "1,2";
				TEST_TARGET_NAME = "AshanMadhuwantha-Cobsccomp192p-045";
			};
			name = Release;
		};
/* End XCBuildConfiguration section */

/* Begin XCConfigurationList section */
		64D1812B26386D1600006DCE /* Build configuration list for PBXProject "AshanMadhuwantha-Cobsccomp192p-045" */ = {
			isa = XCConfigurationList;
			buildConfigurations = (
				64D1815826386D1800006DCE /* Debug */,
				64D1815926386D1800006DCE /* Release */,
			);
			defaultConfigurationIsVisible = 0;
			defaultConfigurationName = Release;
		};
		64D1815A26386D1800006DCE /* Build configuration list for PBXNativeTarget "AshanMadhuwantha-Cobsccomp192p-045" */ = {
			isa = XCConfigurationList;
			buildConfigurations = (
				64D1815B26386D1800006DCE /* Debug */,
				64D1815C26386D1800006DCE /* Release */,
			);
			defaultConfigurationIsVisible = 0;
			defaultConfigurationName = Release;
		};
		64D1815D26386D1800006DCE /* Build configuration list for PBXNativeTarget "AshanMadhuwantha-Cobsccomp192p-045Tests" */ = {
			isa = XCConfigurationList;
			buildConfigurations = (
				64D1815E26386D1800006DCE /* Debug */,
				64D1815F26386D1800006DCE /* Release */,
			);
			defaultConfigurationIsVisible = 0;
			defaultConfigurationName = Release;
		};
		64D1816026386D1800006DCE /* Build configuration list for PBXNativeTarget "AshanMadhuwantha-Cobsccomp192p-045UITests" */ = {
			isa = XCConfigurationList;
			buildConfigurations = (
				64D1816126386D1800006DCE /* Debug */,
				64D1816226386D1800006DCE /* Release */,
			);
			defaultConfigurationIsVisible = 0;
			defaultConfigurationName = Release;
		};
/* End XCConfigurationList section */
	};
	rootObject = 64D1812826386D1600006DCE /* Project object */;
}
